<?xml version="1.0" encoding="UTF-8"?>
<CONFIG>
  <ProjectOptions>
    <Version Value="9"/>
    <PathDelim Value="\"/>
    <General>
      <Flags>
        <MainUnitHasUsesSectionForAllUnits Value="False"/>
        <MainUnitHasCreateFormStatements Value="False"/>
        <MainUnitHasTitleStatement Value="False"/>
      </Flags>
      <SessionStorage Value="InProjectDir"/>
      <MainUnit Value="0"/>
      <Title Value="Editor"/>
      <UseAppBundle Value="False"/>
      <ResourceType Value="res"/>
    </General>
    <i18n>
      <EnableI18N LFM="False"/>
    </i18n>
    <VersionInfo>
      <StringTable ProductVersion=""/>
    </VersionInfo>
    <BuildModes Count="1">
      <Item1 Name="Default" Default="True"/>
    </BuildModes>
    <PublishOptions>
      <Version Value="2"/>
    </PublishOptions>
    <RunParams>
      <local>
        <FormatVersion Value="1"/>
      </local>
    </RunParams>
    <RequiredPackages Count="1">
      <Item1>
        <PackageName Value="LCL"/>
      </Item1>
    </RequiredPackages>
    <Units Count="63">
      <Unit0>
        <Filename Value="Editor.lpr"/>
        <IsPartOfProject Value="True"/>
      </Unit0>
      <Unit1>
        <Filename Value="Main.pas"/>
        <IsPartOfProject Value="True"/>
        <ComponentName Value="MainForm"/>
        <HasResources Value="True"/>
        <ResourceBaseClass Value="Form"/>
      </Unit1>
      <Unit2>
        <Filename Value="Configuration.pas"/>
        <IsPartOfProject Value="True"/>
        <HasResources Value="True"/>
      </Unit2>
      <Unit3>
        <Filename Value="ViewPort.pas"/>
        <IsPartOfProject Value="True"/>
        <ComponentName Value="ViewPortForm"/>
        <HasResources Value="True"/>
        <ResourceBaseClass Value="Form"/>
      </Unit3>
      <Unit4>
        <Filename Value="ViewPort2D.pas"/>
        <IsPartOfProject Value="True"/>
        <ComponentName Value="ViewPort2DForm"/>
        <HasResources Value="True"/>
        <ResourceBaseClass Value="Form"/>
      </Unit4>
      <Unit5>
        <Filename Value="ViewPort3D.pas"/>
        <IsPartOfProject Value="True"/>
        <ComponentName Value="ViewPort3DForm"/>
        <HasResources Value="True"/>
        <ResourceBaseClass Value="Form"/>
      </Unit5>
      <Unit6>
        <Filename Value="ViewPortFront.pas"/>
        <IsPartOfProject Value="True"/>
        <HasResources Value="True"/>
      </Unit6>
      <Unit7>
        <Filename Value="ViewPortSide.pas"/>
        <IsPartOfProject Value="True"/>
        <ComponentName Value="ViewPortSideForm"/>
        <HasResources Value="True"/>
        <ResourceBaseClass Value="Form"/>
      </Unit7>
      <Unit8>
        <Filename Value="ViewPortTop.pas"/>
        <IsPartOfProject Value="True"/>
        <HasResources Value="True"/>
      </Unit8>
      <Unit9>
        <Filename Value="..\Libraries\OpenGL\dglOpenGL.pas"/>
        <IsPartOfProject Value="True"/>
      </Unit9>
      <Unit10>
        <Filename Value="..\Engine\Animation\Model.pas"/>
        <IsPartOfProject Value="True"/>
      </Unit10>
      <Unit11>
        <Filename Value="..\Engine\General\Console.pas"/>
        <IsPartOfProject Value="True"/>
      </Unit11>
      <Unit12>
        <Filename Value="..\Engine\General\Base.pas"/>
        <IsPartOfProject Value="True"/>
      </Unit12>
      <Unit13>
        <Filename Value="..\Engine\General\Log.pas"/>
        <IsPartOfProject Value="True"/>
      </Unit13>
      <Unit14>
        <Filename Value="..\Engine\General\Timer.pas"/>
        <IsPartOfProject Value="True"/>
      </Unit14>
      <Unit15>
        <Filename Value="..\Engine\Renderer\BitmapFont.pas"/>
        <IsPartOfProject Value="True"/>
      </Unit15>
      <Unit16>
        <Filename Value="..\Engine\Renderer\Camera.pas"/>
        <IsPartOfProject Value="True"/>
      </Unit16>
      <Unit17>
        <Filename Value="..\Engine\Renderer\Context.pas"/>
        <IsPartOfProject Value="True"/>
      </Unit17>
      <Unit18>
        <Filename Value="..\Engine\Renderer\FrameBuffer.pas"/>
        <IsPartOfProject Value="True"/>
      </Unit18>
      <Unit19>
        <Filename Value="..\Engine\Renderer\GBuffer.pas"/>
        <IsPartOfProject Value="True"/>
      </Unit19>
      <Unit20>
        <Filename Value="..\Engine\Renderer\Material.pas"/>
        <IsPartOfProject Value="True"/>
      </Unit20>
      <Unit21>
        <Filename Value="..\Engine\Renderer\Mesh.pas"/>
        <IsPartOfProject Value="True"/>
      </Unit21>
      <Unit22>
        <Filename Value="..\Engine\Renderer\OcclusionQuery.pas"/>
        <IsPartOfProject Value="True"/>
      </Unit22>
      <Unit23>
        <Filename Value="..\Engine\Renderer\RenderBuffer.pas"/>
        <IsPartOfProject Value="True"/>
      </Unit23>
      <Unit24>
        <Filename Value="..\Engine\Renderer\Renderer.pas"/>
        <IsPartOfProject Value="True"/>
      </Unit24>
      <Unit25>
        <Filename Value="..\Engine\Renderer\SBuffer.pas"/>
        <IsPartOfProject Value="True"/>
      </Unit25>
      <Unit26>
        <Filename Value="..\Engine\Renderer\Shader.pas"/>
        <IsPartOfProject Value="True"/>
      </Unit26>
      <Unit27>
        <Filename Value="..\Engine\Renderer\ShaderProgram.pas"/>
        <IsPartOfProject Value="True"/>
      </Unit27>
      <Unit28>
        <Filename Value="..\Engine\Renderer\Stream.pas"/>
        <IsPartOfProject Value="True"/>
      </Unit28>
      <Unit29>
        <Filename Value="..\Engine\Renderer\Surface.pas"/>
        <IsPartOfProject Value="True"/>
      </Unit29>
      <Unit30>
        <Filename Value="..\Engine\Renderer\Texture.pas"/>
        <IsPartOfProject Value="True"/>
      </Unit30>
      <Unit31>
        <Filename Value="..\Engine\Resources\MD5Loader.pas"/>
        <IsPartOfProject Value="True"/>
      </Unit31>
      <Unit32>
        <Filename Value="..\Engine\Resources\MTLLoader.pas"/>
        <IsPartOfProject Value="True"/>
      </Unit32>
      <Unit33>
        <Filename Value="..\Engine\Resources\OBJLoader.pas"/>
        <IsPartOfProject Value="True"/>
      </Unit33>
      <Unit34>
        <Filename Value="..\Engine\Resources\Resources.pas"/>
        <IsPartOfProject Value="True"/>
      </Unit34>
      <Unit35>
        <Filename Value="..\Engine\Resources\ResourceUtils.pas"/>
        <IsPartOfProject Value="True"/>
      </Unit35>
      <Unit36>
        <Filename Value="..\Engine\Resources\ShaderLoader.pas"/>
        <IsPartOfProject Value="True"/>
      </Unit36>
      <Unit37>
        <Filename Value="..\Engine\Scene\Entity.pas"/>
        <IsPartOfProject Value="True"/>
      </Unit37>
      <Unit38>
        <Filename Value="..\Engine\Scene\LightEntity.pas"/>
        <IsPartOfProject Value="True"/>
      </Unit38>
      <Unit39>
        <Filename Value="..\Engine\Scene\StaticModelEntity.pas"/>
        <IsPartOfProject Value="True"/>
      </Unit39>
      <Unit40>
        <Filename Value="..\Engine\Scene\AnimatedModelEntity.pas"/>
        <IsPartOfProject Value="True"/>
      </Unit40>
      <Unit41>
        <Filename Value="..\Engine\Scene\PointLightEntity.pas"/>
        <IsPartOfProject Value="True"/>
      </Unit41>
      <Unit42>
        <Filename Value="..\Engine\Scene\Scene.pas"/>
        <IsPartOfProject Value="True"/>
      </Unit42>
      <Unit43>
        <Filename Value="..\Engine\Scene\SpotLightEntity.pas"/>
        <IsPartOfProject Value="True"/>
      </Unit43>
      <Unit44>
        <Filename Value="Selection.pas"/>
        <IsPartOfProject Value="True"/>
      </Unit44>
      <Unit45>
        <Filename Value="EditorEntity.pas"/>
        <IsPartOfProject Value="True"/>
      </Unit45>
      <Unit46>
        <Filename Value="..\Engine\Resources\SceneIO.pas"/>
        <IsPartOfProject Value="True"/>
      </Unit46>
      <Unit47>
        <Filename Value="Progress.pas"/>
        <IsPartOfProject Value="True"/>
        <ComponentName Value="ProgressForm"/>
        <HasResources Value="True"/>
        <ResourceBaseClass Value="Form"/>
      </Unit47>
      <Unit48>
        <Filename Value="..\Engine\Resources\GLSLLoader.pas"/>
        <IsPartOfProject Value="True"/>
      </Unit48>
      <Unit49>
        <Filename Value="..\Engine\Resources\Resource.pas"/>
        <IsPartOfProject Value="True"/>
      </Unit49>
      <Unit50>
        <Filename Value="..\Engine\Scene\ModelEntity.pas"/>
        <IsPartOfProject Value="True"/>
      </Unit50>
      <Unit51>
        <Filename Value="BrowserNodeData.pas"/>
        <IsPartOfProject Value="True"/>
      </Unit51>
      <Unit52>
        <Filename Value="..\Engine\Resources\DDSLoader.pas"/>
        <IsPartOfProject Value="True"/>
      </Unit52>
      <Unit53>
        <Filename Value="Frames\EntityFrame.pas"/>
        <IsPartOfProject Value="True"/>
        <ComponentName Value="EntityPropFrame"/>
        <HasResources Value="True"/>
        <ResourceBaseClass Value="Frame"/>
      </Unit53>
      <Unit54>
        <Filename Value="Frames\SceneFrame.pas"/>
        <IsPartOfProject Value="True"/>
        <ComponentName Value="ScenePropFrame"/>
        <HasResources Value="True"/>
        <ResourceBaseClass Value="Frame"/>
      </Unit54>
      <Unit55>
        <Filename Value="Frames\ModelEntityFrame.pas"/>
        <IsPartOfProject Value="True"/>
        <ComponentName Value="ModelEntityPropFrame"/>
        <HasResources Value="True"/>
        <ResourceBaseClass Value="Frame"/>
      </Unit55>
      <Unit56>
        <Filename Value="Frames\LightEntityFrame.pas"/>
        <IsPartOfProject Value="True"/>
        <ComponentName Value="LightEntityPropFrame"/>
        <HasResources Value="True"/>
        <ResourceBaseClass Value="Frame"/>
      </Unit56>
      <Unit57>
        <Filename Value="Frames\SpotLightEntityFrame.pas"/>
        <IsPartOfProject Value="True"/>
        <ComponentName Value="SpotLightEntityPropFrame"/>
        <HasResources Value="True"/>
        <ResourceBaseClass Value="Frame"/>
      </Unit57>
      <Unit58>
        <Filename Value="..\Engine\General\Stats.pas"/>
        <IsPartOfProject Value="True"/>
      </Unit58>
      <Unit59>
        <Filename Value="..\Engine\General\Mathematics.pas"/>
        <IsPartOfProject Value="True"/>
      </Unit59>
      <Unit60>
        <Filename Value="..\Engine\Renderer\FloatArray.pas"/>
        <IsPartOfProject Value="True"/>
      </Unit60>
      <Unit61>
        <Filename Value="..\Engine\Renderer\IntegerArray.pas"/>
        <IsPartOfProject Value="True"/>
      </Unit61>
      <Unit62>
        <Filename Value="..\Libraries\DirectX\DirectDraw.pas"/>
        <IsPartOfProject Value="True"/>
      </Unit62>
    </Units>
  </ProjectOptions>
  <CompilerOptions>
    <Version Value="11"/>
    <PathDelim Value="\"/>
    <Target>
      <Filename Value="..\..\Bin\Editor"/>
    </Target>
    <SearchPaths>
      <IncludeFiles Value="..\Libraries\OpenGL;..\Engine\Animation;..\Engine\General;..\Engine\Renderer;..\Engine\Resources;..\Engine\Scene;Frames;..\Libraries\DirectX;$(ProjOutDir)"/>
      <OtherUnitFiles Value="..\Libraries\OpenGL;..\Engine\Animation;..\Engine\General;..\Engine\Renderer;..\Engine\Resources;..\Engine\Scene;Frames;..\Libraries\DirectX"/>
      <UnitOutputDirectory Value="..\..\Build"/>
    </SearchPaths>
    <Parsing>
      <SyntaxOptions>
        <SyntaxMode Value="Delphi"/>
      </SyntaxOptions>
    </Parsing>
    <Linking>
      <Options>
        <Win32>
          <GraphicApplication Value="True"/>
        </Win32>
      </Options>
    </Linking>
    <Other>
      <CustomOptions Value="-dBorland -dVer150 -dDelphi7 -dCompiler6_Up -dPUREPASCAL"/>
    </Other>
  </CompilerOptions>
  <Debugging>
    <Exceptions Count="3">
      <Item1>
        <Name Value="EAbort"/>
      </Item1>
      <Item2>
        <Name Value="ECodetoolError"/>
      </Item2>
      <Item3>
        <Name Value="EFOpenError"/>
      </Item3>
    </Exceptions>
  </Debugging>
</CONFIG>
